// !$*UTF8*$!
{
	archiveVersion = 1;
	classes = {
	};
	objectVersion = 51;
	objects = {

/* Begin PBXBuildFile section */
		1C5DC1172496016600814CDB /* AppDelegate.swift in Sources */ = {isa = PBXBuildFile; fileRef = 1C5DC1162496016600814CDB /* AppDelegate.swift */; };
		1C5DC11E2496016600814CDB /* Main.storyboard in Resources */ = {isa = PBXBuildFile; fileRef = 1C5DC11C2496016600814CDB /* Main.storyboard */; };
		1C5DC1212496016600814CDB /* Covid19_Internal.xcdatamodeld in Sources */ = {isa = PBXBuildFile; fileRef = 1C5DC11F2496016600814CDB /* Covid19_Internal.xcdatamodeld */; };
		1C5DC1232496017400814CDB /* Assets.xcassets in Resources */ = {isa = PBXBuildFile; fileRef = 1C5DC1222496017400814CDB /* Assets.xcassets */; };
		1C5DC1262496017400814CDB /* LaunchScreen.storyboard in Resources */ = {isa = PBXBuildFile; fileRef = 1C5DC1242496017400814CDB /* LaunchScreen.storyboard */; };
		1C5DC13224975B2300814CDB /* HomeViewController.swift in Sources */ = {isa = PBXBuildFile; fileRef = 1C5DC13124975B2300814CDB /* HomeViewController.swift */; };
		1C5DC13424975B3800814CDB /* AboutViewController.swift in Sources */ = {isa = PBXBuildFile; fileRef = 1C5DC13324975B3800814CDB /* AboutViewController.swift */; };
		1C5DC13624975BAF00814CDB /* BaseTabBarViewController.swift in Sources */ = {isa = PBXBuildFile; fileRef = 1C5DC13524975BAF00814CDB /* BaseTabBarViewController.swift */; };
		1C5DC13A249772B100814CDB /* Request.swift in Sources */ = {isa = PBXBuildFile; fileRef = 1C5DC138249772B100814CDB /* Request.swift */; };
		1C5DC13B249772B100814CDB /* ConnectionManager.swift in Sources */ = {isa = PBXBuildFile; fileRef = 1C5DC139249772B100814CDB /* ConnectionManager.swift */; };
		1C5DC13F249776CE00814CDB /* AllIndiaDistrictCountWebService.swift in Sources */ = {isa = PBXBuildFile; fileRef = 1C5DC13E249776CE00814CDB /* AllIndiaDistrictCountWebService.swift */; };
		1C5DC14224977BCC00814CDB /* Constants.swift in Sources */ = {isa = PBXBuildFile; fileRef = 1C5DC14124977BCC00814CDB /* Constants.swift */; };
		1C5DC1442497822F00814CDB /* AllIndiaHistoricalDataWebServices.swift in Sources */ = {isa = PBXBuildFile; fileRef = 1C5DC1432497822F00814CDB /* AllIndiaHistoricalDataWebServices.swift */; };
		1C5DC1462497824B00814CDB /* AllCountriesCountWebService.swift in Sources */ = {isa = PBXBuildFile; fileRef = 1C5DC1452497824B00814CDB /* AllCountriesCountWebService.swift */; };
		1C5DC1492497827100814CDB /* WorldCountWebService.swift in Sources */ = {isa = PBXBuildFile; fileRef = 1C5DC1482497827100814CDB /* WorldCountWebService.swift */; };
		1C5DC14C2497871400814CDB /* HomeTabViewModel.swift in Sources */ = {isa = PBXBuildFile; fileRef = 1C5DC14B2497871400814CDB /* HomeTabViewModel.swift */; };
		1C5DC14E2497876800814CDB /* AboutTabViewModel.swift in Sources */ = {isa = PBXBuildFile; fileRef = 1C5DC14D2497876800814CDB /* AboutTabViewModel.swift */; };
		1C5DC150249787C300814CDB /* BaseTabBarViewModel.swift in Sources */ = {isa = PBXBuildFile; fileRef = 1C5DC14F249787C300814CDB /* BaseTabBarViewModel.swift */; };
		1C5DC1562497B0F600814CDB /* WorldCountParser.swift in Sources */ = {isa = PBXBuildFile; fileRef = 1C5DC1552497B0F600814CDB /* WorldCountParser.swift */; };
		1C5DC1582497B11500814CDB /* AllCountriesParser.swift in Sources */ = {isa = PBXBuildFile; fileRef = 1C5DC1572497B11500814CDB /* AllCountriesParser.swift */; };
		1C5DC15A2497B18D00814CDB /* AllIndiaHistoricalDataParser.swift in Sources */ = {isa = PBXBuildFile; fileRef = 1C5DC1592497B18D00814CDB /* AllIndiaHistoricalDataParser.swift */; };
		1C5DC15C2497B26F00814CDB /* AllDistrictsCountParser.swift in Sources */ = {isa = PBXBuildFile; fileRef = 1C5DC15B2497B26F00814CDB /* AllDistrictsCountParser.swift */; };
		1C7B167024990C190069157B /* WorldCountModel.swift in Sources */ = {isa = PBXBuildFile; fileRef = 1C7B166F24990C190069157B /* WorldCountModel.swift */; };
		1C7B1672249916A40069157B /* CountryModel.swift in Sources */ = {isa = PBXBuildFile; fileRef = 1C7B1671249916A40069157B /* CountryModel.swift */; };
		1C7B1674249B9B2C0069157B /* NavigationVC.swift in Sources */ = {isa = PBXBuildFile; fileRef = 1C7B1673249B9B2B0069157B /* NavigationVC.swift */; };
		1C7B1676249BBC910069157B /* TabBarExtension.swift in Sources */ = {isa = PBXBuildFile; fileRef = 1C7B1675249BBC910069157B /* TabBarExtension.swift */; };
		1C7B1678249CA0AC0069157B /* UISegmentControlExtension.swift in Sources */ = {isa = PBXBuildFile; fileRef = 1C7B1677249CA0AC0069157B /* UISegmentControlExtension.swift */; };
		1C7B167B249CC7940069157B /* TotalCountTableViewCell.swift in Sources */ = {isa = PBXBuildFile; fileRef = 1C7B167A249CC7940069157B /* TotalCountTableViewCell.swift */; };
		1C7B167D249CC7B50069157B /* GraphTableViewCell.swift in Sources */ = {isa = PBXBuildFile; fileRef = 1C7B167C249CC7B50069157B /* GraphTableViewCell.swift */; };
		1C7B167F249CC7E40069157B /* ChildCountTableViewCell.swift in Sources */ = {isa = PBXBuildFile; fileRef = 1C7B167E249CC7E40069157B /* ChildCountTableViewCell.swift */; };
		1C7B168124A093920069157B /* BaseViewController.swift in Sources */ = {isa = PBXBuildFile; fileRef = 1C7B168024A093920069157B /* BaseViewController.swift */; };
		1C7B168324A106790069157B /* ImageExtension.swift in Sources */ = {isa = PBXBuildFile; fileRef = 1C7B168224A106790069157B /* ImageExtension.swift */; };
		1C7B168524A203290069157B /* IndiaHistoryModel.swift in Sources */ = {isa = PBXBuildFile; fileRef = 1C7B168424A203290069157B /* IndiaHistoryModel.swift */; };
		1C7B168724A244060069157B /* DistrictInfoViewController.swift in Sources */ = {isa = PBXBuildFile; fileRef = 1C7B168624A244060069157B /* DistrictInfoViewController.swift */; };
		1C7B168924A247060069157B /* DistrictViewModel.swift in Sources */ = {isa = PBXBuildFile; fileRef = 1C7B168824A247060069157B /* DistrictViewModel.swift */; };
		1C7B168B24A331B50069157B /* DistrictModel.swift in Sources */ = {isa = PBXBuildFile; fileRef = 1C7B168A24A331B50069157B /* DistrictModel.swift */; };
		1C7B168D24A4782A0069157B /* ChartsLayer.swift in Sources */ = {isa = PBXBuildFile; fileRef = 1C7B168C24A478290069157B /* ChartsLayer.swift */; };
		1CC9529424B5D7CC00DC557E /* RadioControlView.xib in Resources */ = {isa = PBXBuildFile; fileRef = 1CC9529324B5D7CC00DC557E /* RadioControlView.xib */; };
		1CC9529624B5E85300DC557E /* RadioButtonView.swift in Sources */ = {isa = PBXBuildFile; fileRef = 1CC9529524B5E85300DC557E /* RadioButtonView.swift */; };
		1CDD481C24C03CAF00054986 /* GuideRightHandCell.swift in Sources */ = {isa = PBXBuildFile; fileRef = 1CDD481B24C03CAF00054986 /* GuideRightHandCell.swift */; };
		1CDD482024C03D7000054986 /* GuideViewController.swift in Sources */ = {isa = PBXBuildFile; fileRef = 1CDD481F24C03D7000054986 /* GuideViewController.swift */; };
		1CDD482224C0B8FD00054986 /* GuideLeftHandCell.swift in Sources */ = {isa = PBXBuildFile; fileRef = 1CDD482124C0B8FD00054986 /* GuideLeftHandCell.swift */; };
		3D4EAE84DC7EBDE036F2E1B9 /* Pods_Covid19_Internal.framework in Frameworks */ = {isa = PBXBuildFile; fileRef = 5C584D39AC12C58308A9DB70 /* Pods_Covid19_Internal.framework */; };
/* End PBXBuildFile section */

/* Begin PBXFileReference section */
		17DD888763B08B4D9E968056 /* Pods-Covid19_Internal.debug.xcconfig */ = {isa = PBXFileReference; includeInIndex = 1; lastKnownFileType = text.xcconfig; name = "Pods-Covid19_Internal.debug.xcconfig"; path = "Target Support Files/Pods-Covid19_Internal/Pods-Covid19_Internal.debug.xcconfig"; sourceTree = "<group>"; };
		1C5DC1132496016600814CDB /* Covid19_Internal.app */ = {isa = PBXFileReference; explicitFileType = wrapper.application; includeInIndex = 0; path = Covid19_Internal.app; sourceTree = BUILT_PRODUCTS_DIR; };
		1C5DC1162496016600814CDB /* AppDelegate.swift */ = {isa = PBXFileReference; lastKnownFileType = sourcecode.swift; path = AppDelegate.swift; sourceTree = "<group>"; };
		1C5DC11D2496016600814CDB /* Base */ = {isa = PBXFileReference; lastKnownFileType = file.storyboard; name = Base; path = Base.lproj/Main.storyboard; sourceTree = "<group>"; };
		1C5DC1202496016600814CDB /* Covid19_Internal.xcdatamodel */ = {isa = PBXFileReference; lastKnownFileType = wrapper.xcdatamodel; path = Covid19_Internal.xcdatamodel; sourceTree = "<group>"; };
		1C5DC1222496017400814CDB /* Assets.xcassets */ = {isa = PBXFileReference; lastKnownFileType = folder.assetcatalog; path = Assets.xcassets; sourceTree = "<group>"; };
		1C5DC1252496017400814CDB /* Base */ = {isa = PBXFileReference; lastKnownFileType = file.storyboard; name = Base; path = Base.lproj/LaunchScreen.storyboard; sourceTree = "<group>"; };
		1C5DC1272496017400814CDB /* Info.plist */ = {isa = PBXFileReference; lastKnownFileType = text.plist.xml; path = Info.plist; sourceTree = "<group>"; };
		1C5DC13124975B2300814CDB /* HomeViewController.swift */ = {isa = PBXFileReference; lastKnownFileType = sourcecode.swift; path = HomeViewController.swift; sourceTree = "<group>"; };
		1C5DC13324975B3800814CDB /* AboutViewController.swift */ = {isa = PBXFileReference; lastKnownFileType = sourcecode.swift; path = AboutViewController.swift; sourceTree = "<group>"; };
		1C5DC13524975BAF00814CDB /* BaseTabBarViewController.swift */ = {isa = PBXFileReference; lastKnownFileType = sourcecode.swift; path = BaseTabBarViewController.swift; sourceTree = "<group>"; };
		1C5DC138249772B100814CDB /* Request.swift */ = {isa = PBXFileReference; fileEncoding = 4; lastKnownFileType = sourcecode.swift; path = Request.swift; sourceTree = "<group>"; };
		1C5DC139249772B100814CDB /* ConnectionManager.swift */ = {isa = PBXFileReference; fileEncoding = 4; lastKnownFileType = sourcecode.swift; path = ConnectionManager.swift; sourceTree = "<group>"; };
		1C5DC13E249776CE00814CDB /* AllIndiaDistrictCountWebService.swift */ = {isa = PBXFileReference; lastKnownFileType = sourcecode.swift; path = AllIndiaDistrictCountWebService.swift; sourceTree = "<group>"; };
		1C5DC14124977BCC00814CDB /* Constants.swift */ = {isa = PBXFileReference; lastKnownFileType = sourcecode.swift; path = Constants.swift; sourceTree = "<group>"; };
		1C5DC1432497822F00814CDB /* AllIndiaHistoricalDataWebServices.swift */ = {isa = PBXFileReference; lastKnownFileType = sourcecode.swift; path = AllIndiaHistoricalDataWebServices.swift; sourceTree = "<group>"; };
		1C5DC1452497824B00814CDB /* AllCountriesCountWebService.swift */ = {isa = PBXFileReference; lastKnownFileType = sourcecode.swift; path = AllCountriesCountWebService.swift; sourceTree = "<group>"; };
		1C5DC1482497827100814CDB /* WorldCountWebService.swift */ = {isa = PBXFileReference; lastKnownFileType = sourcecode.swift; path = WorldCountWebService.swift; sourceTree = "<group>"; };
		1C5DC14B2497871400814CDB /* HomeTabViewModel.swift */ = {isa = PBXFileReference; lastKnownFileType = sourcecode.swift; path = HomeTabViewModel.swift; sourceTree = "<group>"; };
		1C5DC14D2497876800814CDB /* AboutTabViewModel.swift */ = {isa = PBXFileReference; lastKnownFileType = sourcecode.swift; path = AboutTabViewModel.swift; sourceTree = "<group>"; };
		1C5DC14F249787C300814CDB /* BaseTabBarViewModel.swift */ = {isa = PBXFileReference; lastKnownFileType = sourcecode.swift; path = BaseTabBarViewModel.swift; sourceTree = "<group>"; };
		1C5DC1552497B0F600814CDB /* WorldCountParser.swift */ = {isa = PBXFileReference; lastKnownFileType = sourcecode.swift; path = WorldCountParser.swift; sourceTree = "<group>"; };
		1C5DC1572497B11500814CDB /* AllCountriesParser.swift */ = {isa = PBXFileReference; lastKnownFileType = sourcecode.swift; path = AllCountriesParser.swift; sourceTree = "<group>"; };
		1C5DC1592497B18D00814CDB /* AllIndiaHistoricalDataParser.swift */ = {isa = PBXFileReference; lastKnownFileType = sourcecode.swift; path = AllIndiaHistoricalDataParser.swift; sourceTree = "<group>"; };
		1C5DC15B2497B26F00814CDB /* AllDistrictsCountParser.swift */ = {isa = PBXFileReference; lastKnownFileType = sourcecode.swift; path = AllDistrictsCountParser.swift; sourceTree = "<group>"; };
		1C7B166F24990C190069157B /* WorldCountModel.swift */ = {isa = PBXFileReference; lastKnownFileType = sourcecode.swift; path = WorldCountModel.swift; sourceTree = "<group>"; };
		1C7B1671249916A40069157B /* CountryModel.swift */ = {isa = PBXFileReference; lastKnownFileType = sourcecode.swift; path = CountryModel.swift; sourceTree = "<group>"; };
		1C7B1673249B9B2B0069157B /* NavigationVC.swift */ = {isa = PBXFileReference; fileEncoding = 4; lastKnownFileType = sourcecode.swift; path = NavigationVC.swift; sourceTree = "<group>"; };
		1C7B1675249BBC910069157B /* TabBarExtension.swift */ = {isa = PBXFileReference; lastKnownFileType = sourcecode.swift; path = TabBarExtension.swift; sourceTree = "<group>"; };
		1C7B1677249CA0AC0069157B /* UISegmentControlExtension.swift */ = {isa = PBXFileReference; lastKnownFileType = sourcecode.swift; path = UISegmentControlExtension.swift; sourceTree = "<group>"; };
		1C7B167A249CC7940069157B /* TotalCountTableViewCell.swift */ = {isa = PBXFileReference; lastKnownFileType = sourcecode.swift; path = TotalCountTableViewCell.swift; sourceTree = "<group>"; };
		1C7B167C249CC7B50069157B /* GraphTableViewCell.swift */ = {isa = PBXFileReference; lastKnownFileType = sourcecode.swift; path = GraphTableViewCell.swift; sourceTree = "<group>"; };
		1C7B167E249CC7E40069157B /* ChildCountTableViewCell.swift */ = {isa = PBXFileReference; lastKnownFileType = sourcecode.swift; path = ChildCountTableViewCell.swift; sourceTree = "<group>"; };
		1C7B168024A093920069157B /* BaseViewController.swift */ = {isa = PBXFileReference; lastKnownFileType = sourcecode.swift; path = BaseViewController.swift; sourceTree = "<group>"; };
		1C7B168224A106790069157B /* ImageExtension.swift */ = {isa = PBXFileReference; lastKnownFileType = sourcecode.swift; path = ImageExtension.swift; sourceTree = "<group>"; };
		1C7B168424A203290069157B /* IndiaHistoryModel.swift */ = {isa = PBXFileReference; lastKnownFileType = sourcecode.swift; path = IndiaHistoryModel.swift; sourceTree = "<group>"; };
		1C7B168624A244060069157B /* DistrictInfoViewController.swift */ = {isa = PBXFileReference; lastKnownFileType = sourcecode.swift; path = DistrictInfoViewController.swift; sourceTree = "<group>"; };
		1C7B168824A247060069157B /* DistrictViewModel.swift */ = {isa = PBXFileReference; lastKnownFileType = sourcecode.swift; path = DistrictViewModel.swift; sourceTree = "<group>"; };
		1C7B168A24A331B50069157B /* DistrictModel.swift */ = {isa = PBXFileReference; lastKnownFileType = sourcecode.swift; path = DistrictModel.swift; sourceTree = "<group>"; };
		1C7B168C24A478290069157B /* ChartsLayer.swift */ = {isa = PBXFileReference; lastKnownFileType = sourcecode.swift; path = ChartsLayer.swift; sourceTree = "<group>"; };
		1CC9529324B5D7CC00DC557E /* RadioControlView.xib */ = {isa = PBXFileReference; lastKnownFileType = file.xib; path = RadioControlView.xib; sourceTree = "<group>"; };
		1CC9529524B5E85300DC557E /* RadioButtonView.swift */ = {isa = PBXFileReference; lastKnownFileType = sourcecode.swift; path = RadioButtonView.swift; sourceTree = "<group>"; };
		1CDD481B24C03CAF00054986 /* GuideRightHandCell.swift */ = {isa = PBXFileReference; lastKnownFileType = sourcecode.swift; path = GuideRightHandCell.swift; sourceTree = "<group>"; };
		1CDD481F24C03D7000054986 /* GuideViewController.swift */ = {isa = PBXFileReference; lastKnownFileType = sourcecode.swift; path = GuideViewController.swift; sourceTree = "<group>"; };
		1CDD482124C0B8FD00054986 /* GuideLeftHandCell.swift */ = {isa = PBXFileReference; lastKnownFileType = sourcecode.swift; path = GuideLeftHandCell.swift; sourceTree = "<group>"; };
		5C584D39AC12C58308A9DB70 /* Pods_Covid19_Internal.framework */ = {isa = PBXFileReference; explicitFileType = wrapper.framework; includeInIndex = 0; path = Pods_Covid19_Internal.framework; sourceTree = BUILT_PRODUCTS_DIR; };
		E250C2F78B200E2762FC6DC0 /* Pods-Covid19_Internal.release.xcconfig */ = {isa = PBXFileReference; includeInIndex = 1; lastKnownFileType = text.xcconfig; name = "Pods-Covid19_Internal.release.xcconfig"; path = "Target Support Files/Pods-Covid19_Internal/Pods-Covid19_Internal.release.xcconfig"; sourceTree = "<group>"; };
/* End PBXFileReference section */

/* Begin PBXFrameworksBuildPhase section */
		1C5DC1102496016600814CDB /* Frameworks */ = {
			isa = PBXFrameworksBuildPhase;
			buildActionMask = 2147483647;
			files = (
				3D4EAE84DC7EBDE036F2E1B9 /* Pods_Covid19_Internal.framework in Frameworks */,
			);
			runOnlyForDeploymentPostprocessing = 0;
		};
/* End PBXFrameworksBuildPhase section */

/* Begin PBXGroup section */
		1C5DC10A2496016600814CDB = {
			isa = PBXGroup;
			children = (
				1C5DC1152496016600814CDB /* Covid19_Internal */,
				1C5DC1142496016600814CDB /* Products */,
				B131381FB3293ED293396904 /* Pods */,
				A3C29F0D6DF6AC3A92F63C48 /* Frameworks */,
			);
			sourceTree = "<group>";
		};
		1C5DC1142496016600814CDB /* Products */ = {
			isa = PBXGroup;
			children = (
				1C5DC1132496016600814CDB /* Covid19_Internal.app */,
			);
			name = Products;
			sourceTree = "<group>";
		};
		1C5DC1152496016600814CDB /* Covid19_Internal */ = {
			isa = PBXGroup;
			children = (
				1C5DC14024977BAC00814CDB /* Utilities */,
				1C5DC13C249773EB00814CDB /* Managers */,
				1C5DC12D2497562300814CDB /* Layers */,
				1C5DC1162496016600814CDB /* AppDelegate.swift */,
				1C5DC11C2496016600814CDB /* Main.storyboard */,
				1C5DC1222496017400814CDB /* Assets.xcassets */,
				1C5DC1242496017400814CDB /* LaunchScreen.storyboard */,
				1C5DC1272496017400814CDB /* Info.plist */,
				1C5DC11F2496016600814CDB /* Covid19_Internal.xcdatamodeld */,
			);
			path = Covid19_Internal;
			sourceTree = "<group>";
		};
		1C5DC12D2497562300814CDB /* Layers */ = {
			isa = PBXGroup;
			children = (
				1C7B166E24990BEF0069157B /* Models */,
				1C5DC15124978B5400814CDB /* Parser */,
				1C5DC14A249786E200814CDB /* ViewModels */,
				1C5DC13D2497741100814CDB /* WebService */,
				1C5DC12E2497564E00814CDB /* View Controllers */,
			);
			path = Layers;
			sourceTree = "<group>";
		};
		1C5DC12E2497564E00814CDB /* View Controllers */ = {
			isa = PBXGroup;
			children = (
				1C7B1679249CC6A20069157B /* CustomCells */,
				1C7B1673249B9B2B0069157B /* NavigationVC.swift */,
				1C5DC13124975B2300814CDB /* HomeViewController.swift */,
				1C5DC13324975B3800814CDB /* AboutViewController.swift */,
				1C5DC13524975BAF00814CDB /* BaseTabBarViewController.swift */,
				1C7B168024A093920069157B /* BaseViewController.swift */,
				1C7B168624A244060069157B /* DistrictInfoViewController.swift */,
				1CDD481F24C03D7000054986 /* GuideViewController.swift */,
			);
			path = "View Controllers";
			sourceTree = "<group>";
		};
		1C5DC1372497725F00814CDB /* Network Manager */ = {
			isa = PBXGroup;
			children = (
				1C5DC139249772B100814CDB /* ConnectionManager.swift */,
				1C5DC138249772B100814CDB /* Request.swift */,
			);
			path = "Network Manager";
			sourceTree = "<group>";
		};
		1C5DC13C249773EB00814CDB /* Managers */ = {
			isa = PBXGroup;
			children = (
				1C5DC1372497725F00814CDB /* Network Manager */,
			);
			path = Managers;
			sourceTree = "<group>";
		};
		1C5DC13D2497741100814CDB /* WebService */ = {
			isa = PBXGroup;
			children = (
				1C5DC13E249776CE00814CDB /* AllIndiaDistrictCountWebService.swift */,
				1C5DC1432497822F00814CDB /* AllIndiaHistoricalDataWebServices.swift */,
				1C5DC1452497824B00814CDB /* AllCountriesCountWebService.swift */,
				1C5DC1482497827100814CDB /* WorldCountWebService.swift */,
			);
			path = WebService;
			sourceTree = "<group>";
		};
		1C5DC14024977BAC00814CDB /* Utilities */ = {
			isa = PBXGroup;
			children = (
				1C5DC14124977BCC00814CDB /* Constants.swift */,
				1C7B1675249BBC910069157B /* TabBarExtension.swift */,
				1C7B1677249CA0AC0069157B /* UISegmentControlExtension.swift */,
				1C7B168224A106790069157B /* ImageExtension.swift */,
				1C7B168C24A478290069157B /* ChartsLayer.swift */,
			);
			path = Utilities;
			sourceTree = "<group>";
		};
		1C5DC14A249786E200814CDB /* ViewModels */ = {
			isa = PBXGroup;
			children = (
				1C5DC14B2497871400814CDB /* HomeTabViewModel.swift */,
				1C5DC14D2497876800814CDB /* AboutTabViewModel.swift */,
				1C5DC14F249787C300814CDB /* BaseTabBarViewModel.swift */,
				1C7B168824A247060069157B /* DistrictViewModel.swift */,
			);
			path = ViewModels;
			sourceTree = "<group>";
		};
		1C5DC15124978B5400814CDB /* Parser */ = {
			isa = PBXGroup;
			children = (
				1C5DC1552497B0F600814CDB /* WorldCountParser.swift */,
				1C5DC1572497B11500814CDB /* AllCountriesParser.swift */,
				1C5DC1592497B18D00814CDB /* AllIndiaHistoricalDataParser.swift */,
				1C5DC15B2497B26F00814CDB /* AllDistrictsCountParser.swift */,
			);
			path = Parser;
			sourceTree = "<group>";
		};
		1C7B166E24990BEF0069157B /* Models */ = {
			isa = PBXGroup;
			children = (
				1C7B166F24990C190069157B /* WorldCountModel.swift */,
				1C7B1671249916A40069157B /* CountryModel.swift */,
				1C7B168424A203290069157B /* IndiaHistoryModel.swift */,
				1C7B168A24A331B50069157B /* DistrictModel.swift */,
			);
			path = Models;
			sourceTree = "<group>";
		};
		1C7B1679249CC6A20069157B /* CustomCells */ = {
			isa = PBXGroup;
			children = (
				1C7B167A249CC7940069157B /* TotalCountTableViewCell.swift */,
				1C7B167C249CC7B50069157B /* GraphTableViewCell.swift */,
				1C7B167E249CC7E40069157B /* ChildCountTableViewCell.swift */,
				1CC9529324B5D7CC00DC557E /* RadioControlView.xib */,
				1CC9529524B5E85300DC557E /* RadioButtonView.swift */,
				1CDD481B24C03CAF00054986 /* GuideRightHandCell.swift */,
				1CDD482124C0B8FD00054986 /* GuideLeftHandCell.swift */,
			);
			path = CustomCells;
			sourceTree = "<group>";
		};
		A3C29F0D6DF6AC3A92F63C48 /* Frameworks */ = {
			isa = PBXGroup;
			children = (
				5C584D39AC12C58308A9DB70 /* Pods_Covid19_Internal.framework */,
			);
			name = Frameworks;
			sourceTree = "<group>";
		};
		B131381FB3293ED293396904 /* Pods */ = {
			isa = PBXGroup;
			children = (
				17DD888763B08B4D9E968056 /* Pods-Covid19_Internal.debug.xcconfig */,
				E250C2F78B200E2762FC6DC0 /* Pods-Covid19_Internal.release.xcconfig */,
			);
			path = Pods;
			sourceTree = "<group>";
		};
/* End PBXGroup section */

/* Begin PBXNativeTarget section */
		1C5DC1122496016600814CDB /* Covid19_Internal */ = {
			isa = PBXNativeTarget;
			buildConfigurationList = 1C5DC12A2496017500814CDB /* Build configuration list for PBXNativeTarget "Covid19_Internal" */;
			buildPhases = (
				F2A80BFEAC683843474474FF /* [CP] Check Pods Manifest.lock */,
				1C5DC10F2496016600814CDB /* Sources */,
				1C5DC1102496016600814CDB /* Frameworks */,
				1C5DC1112496016600814CDB /* Resources */,
				B350FCEB4FBFD09AAD10F2BA /* [CP] Embed Pods Frameworks */,
			);
			buildRules = (
			);
			dependencies = (
			);
			name = Covid19_Internal;
			productName = Covid19_Internal;
			productReference = 1C5DC1132496016600814CDB /* Covid19_Internal.app */;
			productType = "com.apple.product-type.application";
		};
/* End PBXNativeTarget section */

/* Begin PBXProject section */
		1C5DC10B2496016600814CDB /* Project object */ = {
			isa = PBXProject;
			attributes = {
				LastSwiftUpdateCheck = 1120;
				LastUpgradeCheck = 1120;
				ORGANIZATIONNAME = Cybage;
				TargetAttributes = {
					1C5DC1122496016600814CDB = {
						CreatedOnToolsVersion = 11.2.1;
					};
				};
			};
			buildConfigurationList = 1C5DC10E2496016600814CDB /* Build configuration list for PBXProject "Covid19_Internal" */;
			compatibilityVersion = "Xcode 9.3";
			developmentRegion = en;
			hasScannedForEncodings = 0;
			knownRegions = (
				en,
				Base,
			);
			mainGroup = 1C5DC10A2496016600814CDB;
			productRefGroup = 1C5DC1142496016600814CDB /* Products */;
			projectDirPath = "";
			projectRoot = "";
			targets = (
				1C5DC1122496016600814CDB /* Covid19_Internal */,
			);
		};
/* End PBXProject section */

/* Begin PBXResourcesBuildPhase section */
		1C5DC1112496016600814CDB /* Resources */ = {
			isa = PBXResourcesBuildPhase;
			buildActionMask = 2147483647;
			files = (
				1CC9529424B5D7CC00DC557E /* RadioControlView.xib in Resources */,
				1C5DC1262496017400814CDB /* LaunchScreen.storyboard in Resources */,
				1C5DC1232496017400814CDB /* Assets.xcassets in Resources */,
				1C5DC11E2496016600814CDB /* Main.storyboard in Resources */,
			);
			runOnlyForDeploymentPostprocessing = 0;
		};
/* End PBXResourcesBuildPhase section */

/* Begin PBXShellScriptBuildPhase section */
		B350FCEB4FBFD09AAD10F2BA /* [CP] Embed Pods Frameworks */ = {
			isa = PBXShellScriptBuildPhase;
			buildActionMask = 2147483647;
			files = (
			);
			inputFileListPaths = (
				"${PODS_ROOT}/Target Support Files/Pods-Covid19_Internal/Pods-Covid19_Internal-frameworks-${CONFIGURATION}-input-files.xcfilelist",
			);
			name = "[CP] Embed Pods Frameworks";
			outputFileListPaths = (
				"${PODS_ROOT}/Target Support Files/Pods-Covid19_Internal/Pods-Covid19_Internal-frameworks-${CONFIGURATION}-output-files.xcfilelist",
			);
			runOnlyForDeploymentPostprocessing = 0;
			shellPath = /bin/sh;
			shellScript = "\"${PODS_ROOT}/Target Support Files/Pods-Covid19_Internal/Pods-Covid19_Internal-frameworks.sh\"\n";
			showEnvVarsInLog = 0;
		};
		F2A80BFEAC683843474474FF /* [CP] Check Pods Manifest.lock */ = {
			isa = PBXShellScriptBuildPhase;
			buildActionMask = 2147483647;
			files = (
			);
			inputFileListPaths = (
			);
			inputPaths = (
				"${PODS_PODFILE_DIR_PATH}/Podfile.lock",
				"${PODS_ROOT}/Manifest.lock",
			);
			name = "[CP] Check Pods Manifest.lock";
			outputFileListPaths = (
			);
			outputPaths = (
				"$(DERIVED_FILE_DIR)/Pods-Covid19_Internal-checkManifestLockResult.txt",
			);
			runOnlyForDeploymentPostprocessing = 0;
			shellPath = /bin/sh;
			shellScript = "diff \"${PODS_PODFILE_DIR_PATH}/Podfile.lock\" \"${PODS_ROOT}/Manifest.lock\" > /dev/null\nif [ $? != 0 ] ; then\n    # print error to STDERR\n    echo \"error: The sandbox is not in sync with the Podfile.lock. Run 'pod install' or update your CocoaPods installation.\" >&2\n    exit 1\nfi\n# This output is used by Xcode 'outputs' to avoid re-running this script phase.\necho \"SUCCESS\" > \"${SCRIPT_OUTPUT_FILE_0}\"\n";
			showEnvVarsInLog = 0;
		};
/* End PBXShellScriptBuildPhase section */

/* Begin PBXSourcesBuildPhase section */
		1C5DC10F2496016600814CDB /* Sources */ = {
			isa = PBXSourcesBuildPhase;
			buildActionMask = 2147483647;
			files = (
				1C5DC13F249776CE00814CDB /* AllIndiaDistrictCountWebService.swift in Sources */,
				1CDD482024C03D7000054986 /* GuideViewController.swift in Sources */,
				1C5DC13424975B3800814CDB /* AboutViewController.swift in Sources */,
				1C5DC1442497822F00814CDB /* AllIndiaHistoricalDataWebServices.swift in Sources */,
				1C5DC1462497824B00814CDB /* AllCountriesCountWebService.swift in Sources */,
				1C7B168924A247060069157B /* DistrictViewModel.swift in Sources */,
				1CDD482224C0B8FD00054986 /* GuideLeftHandCell.swift in Sources */,
				1C5DC15A2497B18D00814CDB /* AllIndiaHistoricalDataParser.swift in Sources */,
				1C7B168124A093920069157B /* BaseViewController.swift in Sources */,
				1C5DC14E2497876800814CDB /* AboutTabViewModel.swift in Sources */,
				1C5DC13A249772B100814CDB /* Request.swift in Sources */,
				1C5DC13224975B2300814CDB /* HomeViewController.swift in Sources */,
				1CDD481C24C03CAF00054986 /* GuideRightHandCell.swift in Sources */,
				1C5DC13B249772B100814CDB /* ConnectionManager.swift in Sources */,
				1C7B1678249CA0AC0069157B /* UISegmentControlExtension.swift in Sources */,
				1C5DC1492497827100814CDB /* WorldCountWebService.swift in Sources */,
				1C7B168724A244060069157B /* DistrictInfoViewController.swift in Sources */,
				1C5DC1582497B11500814CDB /* AllCountriesParser.swift in Sources */,
				1C7B167D249CC7B50069157B /* GraphTableViewCell.swift in Sources */,
				1C5DC1212496016600814CDB /* Covid19_Internal.xcdatamodeld in Sources */,
				1C7B168324A106790069157B /* ImageExtension.swift in Sources */,
				1C7B168D24A4782A0069157B /* ChartsLayer.swift in Sources */,
				1C7B1674249B9B2C0069157B /* NavigationVC.swift in Sources */,
				1C5DC15C2497B26F00814CDB /* AllDistrictsCountParser.swift in Sources */,
				1C7B168524A203290069157B /* IndiaHistoryModel.swift in Sources */,
				1C5DC13624975BAF00814CDB /* BaseTabBarViewController.swift in Sources */,
				1C7B1672249916A40069157B /* CountryModel.swift in Sources */,
				1C5DC150249787C300814CDB /* BaseTabBarViewModel.swift in Sources */,
				1C5DC1562497B0F600814CDB /* WorldCountParser.swift in Sources */,
				1C5DC14C2497871400814CDB /* HomeTabViewModel.swift in Sources */,
				1C7B167B249CC7940069157B /* TotalCountTableViewCell.swift in Sources */,
				1C7B167F249CC7E40069157B /* ChildCountTableViewCell.swift in Sources */,
				1CC9529624B5E85300DC557E /* RadioButtonView.swift in Sources */,
				1C5DC1172496016600814CDB /* AppDelegate.swift in Sources */,
				1C7B167024990C190069157B /* WorldCountModel.swift in Sources */,
				1C7B168B24A331B50069157B /* DistrictModel.swift in Sources */,
				1C5DC14224977BCC00814CDB /* Constants.swift in Sources */,
				1C7B1676249BBC910069157B /* TabBarExtension.swift in Sources */,
			);
			runOnlyForDeploymentPostprocessing = 0;
		};
/* End PBXSourcesBuildPhase section */

/* Begin PBXVariantGroup section */
		1C5DC11C2496016600814CDB /* Main.storyboard */ = {
			isa = PBXVariantGroup;
			children = (
				1C5DC11D2496016600814CDB /* Base */,
			);
			name = Main.storyboard;
			sourceTree = "<group>";
		};
		1C5DC1242496017400814CDB /* LaunchScreen.storyboard */ = {
			isa = PBXVariantGroup;
			children = (
				1C5DC1252496017400814CDB /* Base */,
			);
			name = LaunchScreen.storyboard;
			sourceTree = "<group>";
		};
/* End PBXVariantGroup section */

/* Begin XCBuildConfiguration section */
		1C5DC1282496017400814CDB /* Debug */ = {
			isa = XCBuildConfiguration;
			buildSettings = {
				ALWAYS_SEARCH_USER_PATHS = NO;
				CLANG_ANALYZER_NONNULL = YES;
				CLANG_ANALYZER_NUMBER_OBJECT_CONVERSION = YES_AGGRESSIVE;
				CLANG_CXX_LANGUAGE_STANDARD = "gnu++14";
				CLANG_CXX_LIBRARY = "libc++";
				CLANG_ENABLE_MODULES = YES;
				CLANG_ENABLE_OBJC_ARC = YES;
				CLANG_ENABLE_OBJC_WEAK = YES;
				CLANG_WARN_BLOCK_CAPTURE_AUTORELEASING = YES;
				CLANG_WARN_BOOL_CONVERSION = YES;
				CLANG_WARN_COMMA = YES;
				CLANG_WARN_CONSTANT_CONVERSION = YES;
				CLANG_WARN_DEPRECATED_OBJC_IMPLEMENTATIONS = YES;
				CLANG_WARN_DIRECT_OBJC_ISA_USAGE = YES_ERROR;
				CLANG_WARN_DOCUMENTATION_COMMENTS = YES;
				CLANG_WARN_EMPTY_BODY = YES;
				CLANG_WARN_ENUM_CONVERSION = YES;
				CLANG_WARN_INFINITE_RECURSION = YES;
				CLANG_WARN_INT_CONVERSION = YES;
				CLANG_WARN_NON_LITERAL_NULL_CONVERSION = YES;
				CLANG_WARN_OBJC_IMPLICIT_RETAIN_SELF = YES;
				CLANG_WARN_OBJC_LITERAL_CONVERSION = YES;
				CLANG_WARN_OBJC_ROOT_CLASS = YES_ERROR;
				CLANG_WARN_RANGE_LOOP_ANALYSIS = YES;
				CLANG_WARN_STRICT_PROTOTYPES = YES;
				CLANG_WARN_SUSPICIOUS_MOVE = YES;
				CLANG_WARN_UNGUARDED_AVAILABILITY = YES_AGGRESSIVE;
				CLANG_WARN_UNREACHABLE_CODE = YES;
				CLANG_WARN__DUPLICATE_METHOD_MATCH = YES;
				CODE_SIGN_IDENTITY = "iPhone Developer";
				CODE_SIGN_STYLE = Automatic;
				COPY_PHASE_STRIP = NO;
				DEBUG_INFORMATION_FORMAT = dwarf;
				ENABLE_STRICT_OBJC_MSGSEND = YES;
				ENABLE_TESTABILITY = YES;
				GCC_C_LANGUAGE_STANDARD = gnu11;
				GCC_DYNAMIC_NO_PIC = NO;
				GCC_NO_COMMON_BLOCKS = YES;
				GCC_OPTIMIZATION_LEVEL = 0;
				GCC_PREPROCESSOR_DEFINITIONS = (
					"DEBUG=1",
					"$(inherited)",
				);
				GCC_WARN_64_TO_32_BIT_CONVERSION = YES;
				GCC_WARN_ABOUT_RETURN_TYPE = YES_ERROR;
				GCC_WARN_UNDECLARED_SELECTOR = YES;
				GCC_WARN_UNINITIALIZED_AUTOS = YES_AGGRESSIVE;
				GCC_WARN_UNUSED_FUNCTION = YES;
				GCC_WARN_UNUSED_VARIABLE = YES;
				IPHONEOS_DEPLOYMENT_TARGET = 13.2;
				MTL_ENABLE_DEBUG_INFO = INCLUDE_SOURCE;
				MTL_FAST_MATH = YES;
				ONLY_ACTIVE_ARCH = YES;
				SDKROOT = iphoneos;
				SWIFT_ACTIVE_COMPILATION_CONDITIONS = DEBUG;
				SWIFT_OPTIMIZATION_LEVEL = "-Onone";
			};
			name = Debug;
		};
		1C5DC1292496017500814CDB /* Release */ = {
			isa = XCBuildConfiguration;
			buildSettings = {
				ALWAYS_SEARCH_USER_PATHS = NO;
				CLANG_ANALYZER_NONNULL = YES;
				CLANG_ANALYZER_NUMBER_OBJECT_CONVERSION = YES_AGGRESSIVE;
				CLANG_CXX_LANGUAGE_STANDARD = "gnu++14";
				CLANG_CXX_LIBRARY = "libc++";
				CLANG_ENABLE_MODULES = YES;
				CLANG_ENABLE_OBJC_ARC = YES;
				CLANG_ENABLE_OBJC_WEAK = YES;
				CLANG_WARN_BLOCK_CAPTURE_AUTORELEASING = YES;
				CLANG_WARN_BOOL_CONVERSION = YES;
				CLANG_WARN_COMMA = YES;
				CLANG_WARN_CONSTANT_CONVERSION = YES;
				CLANG_WARN_DEPRECATED_OBJC_IMPLEMENTATIONS = YES;
				CLANG_WARN_DIRECT_OBJC_ISA_USAGE = YES_ERROR;
				CLANG_WARN_DOCUMENTATION_COMMENTS = YES;
				CLANG_WARN_EMPTY_BODY = YES;
				CLANG_WARN_ENUM_CONVERSION = YES;
				CLANG_WARN_INFINITE_RECURSION = YES;
				CLANG_WARN_INT_CONVERSION = YES;
				CLANG_WARN_NON_LITERAL_NULL_CONVERSION = YES;
				CLANG_WARN_OBJC_IMPLICIT_RETAIN_SELF = YES;
				CLANG_WARN_OBJC_LITERAL_CONVERSION = YES;
				CLANG_WARN_OBJC_ROOT_CLASS = YES_ERROR;
				CLANG_WARN_RANGE_LOOP_ANALYSIS = YES;
				CLANG_WARN_STRICT_PROTOTYPES = YES;
				CLANG_WARN_SUSPICIOUS_MOVE = YES;
				CLANG_WARN_UNGUARDED_AVAILABILITY = YES_AGGRESSIVE;
				CLANG_WARN_UNREACHABLE_CODE = YES;
				CLANG_WARN__DUPLICATE_METHOD_MATCH = YES;
				CODE_SIGN_IDENTITY = "iPhone Developer";
				CODE_SIGN_STYLE = Automatic;
				COPY_PHASE_STRIP = NO;
				DEBUG_INFORMATION_FORMAT = "dwarf-with-dsym";
				ENABLE_NS_ASSERTIONS = NO;
				ENABLE_STRICT_OBJC_MSGSEND = YES;
				GCC_C_LANGUAGE_STANDARD = gnu11;
				GCC_NO_COMMON_BLOCKS = YES;
				GCC_WARN_64_TO_32_BIT_CONVERSION = YES;
				GCC_WARN_ABOUT_RETURN_TYPE = YES_ERROR;
				GCC_WARN_UNDECLARED_SELECTOR = YES;
				GCC_WARN_UNINITIALIZED_AUTOS = YES_AGGRESSIVE;
				GCC_WARN_UNUSED_FUNCTION = YES;
				GCC_WARN_UNUSED_VARIABLE = YES;
				IPHONEOS_DEPLOYMENT_TARGET = 13.2;
				MTL_ENABLE_DEBUG_INFO = NO;
				MTL_FAST_MATH = YES;
				SDKROOT = iphoneos;
				SWIFT_COMPILATION_MODE = wholemodule;
				SWIFT_OPTIMIZATION_LEVEL = "-O";
				VALIDATE_PRODUCT = YES;
			};
			name = Release;
		};
		1C5DC12B2496017500814CDB /* Debug */ = {
			isa = XCBuildConfiguration;
			baseConfigurationReference = 17DD888763B08B4D9E968056 /* Pods-Covid19_Internal.debug.xcconfig */;
			buildSettings = {
				ASSETCATALOG_COMPILER_APPICON_NAME = AppIcon;
				CODE_SIGN_IDENTITY = "iPhone Distribution: Vungle, Inc.";
				CODE_SIGN_STYLE = Manual;
				DEVELOPMENT_TEAM = GTA9LK7P23;
				ENABLE_BITCODE = YES;
				INFOPLIST_FILE = Covid19_Internal/Info.plist;
				IPHONEOS_DEPLOYMENT_TARGET = 11.0;
				LD_RUNPATH_SEARCH_PATHS = (
					"$(inherited)",
					"@executable_path/Frameworks",
				);
				PRODUCT_BUNDLE_IDENTIFIER = com.vungle.showcase;
				PRODUCT_NAME = "$(TARGET_NAME)";
				PROVISIONING_PROFILE_SPECIFIER = "Showcase Application Provisioning Profile";
				SWIFT_VERSION = 5.0;
				TARGETED_DEVICE_FAMILY = 1;
			};
			name = Debug;
		};
		1C5DC12C2496017500814CDB /* Release */ = {
			isa = XCBuildConfiguration;
			baseConfigurationReference = E250C2F78B200E2762FC6DC0 /* Pods-Covid19_Internal.release.xcconfig */;
			buildSettings = {
				ASSETCATALOG_COMPILER_APPICON_NAME = AppIcon;
				CODE_SIGN_IDENTITY = "iPhone Distribution: Vungle, Inc.";
				CODE_SIGN_STYLE = Manual;
				DEVELOPMENT_TEAM = GTA9LK7P23;
				ENABLE_BITCODE = YES;
				INFOPLIST_FILE = Covid19_Internal/Info.plist;
				IPHONEOS_DEPLOYMENT_TARGET = 11.0;
				LD_RUNPATH_SEARCH_PATHS = (
					"$(inherited)",
					"@executable_path/Frameworks",
				);
				PRODUCT_BUNDLE_IDENTIFIER = com.vungle.showcase;
				PRODUCT_NAME = "$(TARGET_NAME)";
				PROVISIONING_PROFILE_SPECIFIER = "Showcase Application Provisioning Profile";
				SWIFT_VERSION = 5.0;
				TARGETED_DEVICE_FAMILY = 1;
			};
			name = Release;
		};
/* End XCBuildConfiguration section */

/* Begin XCConfigurationList section */
		1C5DC10E2496016600814CDB /* Build configuration list for PBXProject "Covid19_Internal" */ = {
			isa = XCConfigurationList;
			buildConfigurations = (
				1C5DC1282496017400814CDB /* Debug */,
				1C5DC1292496017500814CDB /* Release */,
			);
			defaultConfigurationIsVisible = 0;
			defaultConfigurationName = Release;
		};
		1C5DC12A2496017500814CDB /* Build configuration list for PBXNativeTarget "Covid19_Internal" */ = {
			isa = XCConfigurationList;
			buildConfigurations = (
				1C5DC12B2496017500814CDB /* Debug */,
				1C5DC12C2496017500814CDB /* Release */,
			);
			defaultConfigurationIsVisible = 0;
			defaultConfigurationName = Release;
		};
/* End XCConfigurationList section */

/* Begin XCVersionGroup section */
		1C5DC11F2496016600814CDB /* Covid19_Internal.xcdatamodeld */ = {
			isa = XCVersionGroup;
			children = (
				1C5DC1202496016600814CDB /* Covid19_Internal.xcdatamodel */,
			);
			currentVersion = 1C5DC1202496016600814CDB /* Covid19_Internal.xcdatamodel */;
			path = Covid19_Internal.xcdatamodeld;
			sourceTree = "<group>";
			versionGroupType = wrapper.xcdatamodel;
		};
/* End XCVersionGroup section */
	};
	rootObject = 1C5DC10B2496016600814CDB /* Project object */;
}
