// !$*UTF8*$!
{
	archiveVersion = 1;
	classes = {
	};
	objectVersion = 50;
	objects = {

/* Begin PBXBuildFile section */
		1C28181324DAEC5D008316DB /* GuideLeftHandCell.swift in Sources */ = {isa = PBXBuildFile; fileRef = 1C28181224DAEC5D008316DB /* GuideLeftHandCell.swift */; };
		1C28181524DAEC6D008316DB /* GuideRightHandCell.swift in Sources */ = {isa = PBXBuildFile; fileRef = 1C28181424DAEC6D008316DB /* GuideRightHandCell.swift */; };
		1C28181724DAF0AD008316DB /* GuideSectionView.swift in Sources */ = {isa = PBXBuildFile; fileRef = 1C28181624DAF0AD008316DB /* GuideSectionView.swift */; };
		1C300D7524D3387000F69279 /* SegmentController.swift in Sources */ = {isa = PBXBuildFile; fileRef = 1C300D7224D3387000F69279 /* SegmentController.swift */; };
		1C300D7624D3387000F69279 /* TabViewParent.swift in Sources */ = {isa = PBXBuildFile; fileRef = 1C300D7324D3387000F69279 /* TabViewParent.swift */; };
		1C300D7724D3387000F69279 /* HomeList.swift in Sources */ = {isa = PBXBuildFile; fileRef = 1C300D7424D3387000F69279 /* HomeList.swift */; };
		1C300D7924D3571700F69279 /* NationalFlag.swift in Sources */ = {isa = PBXBuildFile; fileRef = 1C300D7824D3571700F69279 /* NationalFlag.swift */; };
		1C66E02B24D49E6700FD9678 /* DistrictViewModel.swift in Sources */ = {isa = PBXBuildFile; fileRef = 1C66E02A24D49E6700FD9678 /* DistrictViewModel.swift */; };
		1C66E02D24D4A54A00FD9678 /* DistrictList.swift in Sources */ = {isa = PBXBuildFile; fileRef = 1C66E02C24D4A54A00FD9678 /* DistrictList.swift */; };
		1C7ACF6624D078DD00C0221D /* ReachabilityManager.swift in Sources */ = {isa = PBXBuildFile; fileRef = 1C7ACF3724D078DC00C0221D /* ReachabilityManager.swift */; };
		1C7ACF6724D078DD00C0221D /* ConnectionManager.swift in Sources */ = {isa = PBXBuildFile; fileRef = 1C7ACF3824D078DC00C0221D /* ConnectionManager.swift */; };
		1C7ACF6824D078DD00C0221D /* Request.swift in Sources */ = {isa = PBXBuildFile; fileRef = 1C7ACF3924D078DC00C0221D /* Request.swift */; };
		1C7ACF6924D078DD00C0221D /* light_fever.gif in Resources */ = {isa = PBXBuildFile; fileRef = 1C7ACF3B24D078DD00C0221D /* light_fever.gif */; };
		1C7ACF6A24D078DD00C0221D /* light_tiredness.gif in Resources */ = {isa = PBXBuildFile; fileRef = 1C7ACF3C24D078DD00C0221D /* light_tiredness.gif */; };
		1C7ACF6B24D078DD00C0221D /* light_cough.gif in Resources */ = {isa = PBXBuildFile; fileRef = 1C7ACF3D24D078DD00C0221D /* light_cough.gif */; };
		1C7ACF6F24D078DD00C0221D /* HomeTabViewModel.swift in Sources */ = {isa = PBXBuildFile; fileRef = 1C7ACF4324D078DD00C0221D /* HomeTabViewModel.swift */; };
		1C7ACF8024D078DD00C0221D /* CountryModel.swift in Sources */ = {isa = PBXBuildFile; fileRef = 1C7ACF5824D078DD00C0221D /* CountryModel.swift */; };
		1C7ACF8224D078DD00C0221D /* IndiaHistoryModel.swift in Sources */ = {isa = PBXBuildFile; fileRef = 1C7ACF5A24D078DD00C0221D /* IndiaHistoryModel.swift */; };
		1C7ACF8324D078DD00C0221D /* DistrictModel.swift in Sources */ = {isa = PBXBuildFile; fileRef = 1C7ACF5B24D078DD00C0221D /* DistrictModel.swift */; };
		1C7ACF8824D078DD00C0221D /* AllCountriesCountWebService.swift in Sources */ = {isa = PBXBuildFile; fileRef = 1C7ACF6224D078DD00C0221D /* AllCountriesCountWebService.swift */; };
		1C7ACF8A24D078DD00C0221D /* AllIndiaHistoricalDataWebServices.swift in Sources */ = {isa = PBXBuildFile; fileRef = 1C7ACF6424D078DD00C0221D /* AllIndiaHistoricalDataWebServices.swift */; };
		1C7ACF8B24D078DD00C0221D /* AllIndiaDistrictCountWebService.swift in Sources */ = {isa = PBXBuildFile; fileRef = 1C7ACF6524D078DD00C0221D /* AllIndiaDistrictCountWebService.swift */; };
		1C7ACF8D24D07CAF00C0221D /* iOSDevCenters+GIF.swift in Sources */ = {isa = PBXBuildFile; fileRef = 1C7ACF8C24D07CAF00C0221D /* iOSDevCenters+GIF.swift */; };
		1C7ACF9424D08EEA00C0221D /* TotalCountCellView.swift in Sources */ = {isa = PBXBuildFile; fileRef = 1C7ACF9324D08EEA00C0221D /* TotalCountCellView.swift */; };
		1C7ACF9624D08F1A00C0221D /* ChildCountCellView.swift in Sources */ = {isa = PBXBuildFile; fileRef = 1C7ACF9524D08F1A00C0221D /* ChildCountCellView.swift */; };
		1C7ACF9B24D0901500C0221D /* GraphCell.swift in Sources */ = {isa = PBXBuildFile; fileRef = 1C7ACF9A24D0901500C0221D /* GraphCell.swift */; };
		1C7ACF9D24D0906100C0221D /* BarChartView.swift in Sources */ = {isa = PBXBuildFile; fileRef = 1C7ACF9C24D0906100C0221D /* BarChartView.swift */; };
		1C7ACF9F24D090BA00C0221D /* PieChartView.swift in Sources */ = {isa = PBXBuildFile; fileRef = 1C7ACF9E24D090BA00C0221D /* PieChartView.swift */; };
		1C7ACFA124D0910600C0221D /* HomeView.swift in Sources */ = {isa = PBXBuildFile; fileRef = 1C7ACFA024D0910600C0221D /* HomeView.swift */; };
		1C7ACFA324D0913500C0221D /* GuideView.swift in Sources */ = {isa = PBXBuildFile; fileRef = 1C7ACFA224D0913500C0221D /* GuideView.swift */; };
		1C7ACFA524D0A0E000C0221D /* CountryViewModel.swift in Sources */ = {isa = PBXBuildFile; fileRef = 1C7ACFA424D0A0E000C0221D /* CountryViewModel.swift */; };
		1C7ACFA724D1F3C500C0221D /* StateViewModel.swift in Sources */ = {isa = PBXBuildFile; fileRef = 1C7ACFA624D1F3C500C0221D /* StateViewModel.swift */; };
		1CD3000124C8A6DF00C31AAB /* ChartsLayer.swift in Sources */ = {isa = PBXBuildFile; fileRef = 1CD3000024C8A6DF00C31AAB /* ChartsLayer.swift */; };
		1CDD481A24BF097400054986 /* Constants.swift in Sources */ = {isa = PBXBuildFile; fileRef = 1CDD481924BF097400054986 /* Constants.swift */; };
		1CDD482624C5CB5000054986 /* UISegmentControlExtension.swift in Sources */ = {isa = PBXBuildFile; fileRef = 1CDD482324C5CB4F00054986 /* UISegmentControlExtension.swift */; };
		1CDD482724C5CB5000054986 /* ImageExtension.swift in Sources */ = {isa = PBXBuildFile; fileRef = 1CDD482424C5CB5000054986 /* ImageExtension.swift */; };
		1CDD482824C5CB5000054986 /* TabBarExtension.swift in Sources */ = {isa = PBXBuildFile; fileRef = 1CDD482524C5CB5000054986 /* TabBarExtension.swift */; };
		1CED4E6124BDC13E004F832D /* AppDelegate.swift in Sources */ = {isa = PBXBuildFile; fileRef = 1CED4E6024BDC13E004F832D /* AppDelegate.swift */; };
		1CED4E6324BDC13E004F832D /* SceneDelegate.swift in Sources */ = {isa = PBXBuildFile; fileRef = 1CED4E6224BDC13E004F832D /* SceneDelegate.swift */; };
		1CED4E6524BDC13E004F832D /* RootView.swift in Sources */ = {isa = PBXBuildFile; fileRef = 1CED4E6424BDC13E004F832D /* RootView.swift */; };
		1CED4E6724BDC143004F832D /* Assets.xcassets in Resources */ = {isa = PBXBuildFile; fileRef = 1CED4E6624BDC143004F832D /* Assets.xcassets */; };
		1CED4E6A24BDC143004F832D /* Preview Assets.xcassets in Resources */ = {isa = PBXBuildFile; fileRef = 1CED4E6924BDC143004F832D /* Preview Assets.xcassets */; };
		1CED4E6D24BDC143004F832D /* LaunchScreen.storyboard in Resources */ = {isa = PBXBuildFile; fileRef = 1CED4E6B24BDC143004F832D /* LaunchScreen.storyboard */; };
		EB3D207E5E18F1638BC947B8 /* libPods-Covid19_Internal_SwiftUI.a in Frameworks */ = {isa = PBXBuildFile; fileRef = 3DBB130A891C76465693E6F0 /* libPods-Covid19_Internal_SwiftUI.a */; };
/* End PBXBuildFile section */

/* Begin PBXFileReference section */
		1C28181224DAEC5D008316DB /* GuideLeftHandCell.swift */ = {isa = PBXFileReference; lastKnownFileType = sourcecode.swift; path = GuideLeftHandCell.swift; sourceTree = "<group>"; };
		1C28181424DAEC6D008316DB /* GuideRightHandCell.swift */ = {isa = PBXFileReference; lastKnownFileType = sourcecode.swift; path = GuideRightHandCell.swift; sourceTree = "<group>"; };
		1C28181624DAF0AD008316DB /* GuideSectionView.swift */ = {isa = PBXFileReference; lastKnownFileType = sourcecode.swift; path = GuideSectionView.swift; sourceTree = "<group>"; };
		1C300D7224D3387000F69279 /* SegmentController.swift */ = {isa = PBXFileReference; fileEncoding = 4; lastKnownFileType = sourcecode.swift; path = SegmentController.swift; sourceTree = "<group>"; };
		1C300D7324D3387000F69279 /* TabViewParent.swift */ = {isa = PBXFileReference; fileEncoding = 4; lastKnownFileType = sourcecode.swift; path = TabViewParent.swift; sourceTree = "<group>"; };
		1C300D7424D3387000F69279 /* HomeList.swift */ = {isa = PBXFileReference; fileEncoding = 4; lastKnownFileType = sourcecode.swift; path = HomeList.swift; sourceTree = "<group>"; };
		1C300D7824D3571700F69279 /* NationalFlag.swift */ = {isa = PBXFileReference; lastKnownFileType = sourcecode.swift; path = NationalFlag.swift; sourceTree = "<group>"; };
		1C66E02A24D49E6700FD9678 /* DistrictViewModel.swift */ = {isa = PBXFileReference; lastKnownFileType = sourcecode.swift; path = DistrictViewModel.swift; sourceTree = "<group>"; };
		1C66E02C24D4A54A00FD9678 /* DistrictList.swift */ = {isa = PBXFileReference; lastKnownFileType = sourcecode.swift; path = DistrictList.swift; sourceTree = "<group>"; };
		1C7ACF3724D078DC00C0221D /* ReachabilityManager.swift */ = {isa = PBXFileReference; fileEncoding = 4; lastKnownFileType = sourcecode.swift; path = ReachabilityManager.swift; sourceTree = "<group>"; };
		1C7ACF3824D078DC00C0221D /* ConnectionManager.swift */ = {isa = PBXFileReference; fileEncoding = 4; lastKnownFileType = sourcecode.swift; path = ConnectionManager.swift; sourceTree = "<group>"; };
		1C7ACF3924D078DC00C0221D /* Request.swift */ = {isa = PBXFileReference; fileEncoding = 4; lastKnownFileType = sourcecode.swift; path = Request.swift; sourceTree = "<group>"; };
		1C7ACF3B24D078DD00C0221D /* light_fever.gif */ = {isa = PBXFileReference; lastKnownFileType = image.gif; path = light_fever.gif; sourceTree = "<group>"; };
		1C7ACF3C24D078DD00C0221D /* light_tiredness.gif */ = {isa = PBXFileReference; lastKnownFileType = image.gif; path = light_tiredness.gif; sourceTree = "<group>"; };
		1C7ACF3D24D078DD00C0221D /* light_cough.gif */ = {isa = PBXFileReference; lastKnownFileType = image.gif; path = light_cough.gif; sourceTree = "<group>"; };
		1C7ACF4324D078DD00C0221D /* HomeTabViewModel.swift */ = {isa = PBXFileReference; fileEncoding = 4; lastKnownFileType = sourcecode.swift; path = HomeTabViewModel.swift; sourceTree = "<group>"; };
		1C7ACF5824D078DD00C0221D /* CountryModel.swift */ = {isa = PBXFileReference; fileEncoding = 4; lastKnownFileType = sourcecode.swift; path = CountryModel.swift; sourceTree = "<group>"; };
		1C7ACF5A24D078DD00C0221D /* IndiaHistoryModel.swift */ = {isa = PBXFileReference; fileEncoding = 4; lastKnownFileType = sourcecode.swift; path = IndiaHistoryModel.swift; sourceTree = "<group>"; };
		1C7ACF5B24D078DD00C0221D /* DistrictModel.swift */ = {isa = PBXFileReference; fileEncoding = 4; lastKnownFileType = sourcecode.swift; path = DistrictModel.swift; sourceTree = "<group>"; };
		1C7ACF6224D078DD00C0221D /* AllCountriesCountWebService.swift */ = {isa = PBXFileReference; fileEncoding = 4; lastKnownFileType = sourcecode.swift; path = AllCountriesCountWebService.swift; sourceTree = "<group>"; };
		1C7ACF6424D078DD00C0221D /* AllIndiaHistoricalDataWebServices.swift */ = {isa = PBXFileReference; fileEncoding = 4; lastKnownFileType = sourcecode.swift; path = AllIndiaHistoricalDataWebServices.swift; sourceTree = "<group>"; };
		1C7ACF6524D078DD00C0221D /* AllIndiaDistrictCountWebService.swift */ = {isa = PBXFileReference; fileEncoding = 4; lastKnownFileType = sourcecode.swift; path = AllIndiaDistrictCountWebService.swift; sourceTree = "<group>"; };
		1C7ACF8C24D07CAF00C0221D /* iOSDevCenters+GIF.swift */ = {isa = PBXFileReference; fileEncoding = 4; lastKnownFileType = sourcecode.swift; path = "iOSDevCenters+GIF.swift"; sourceTree = "<group>"; };
		1C7ACF9324D08EEA00C0221D /* TotalCountCellView.swift */ = {isa = PBXFileReference; lastKnownFileType = sourcecode.swift; path = TotalCountCellView.swift; sourceTree = "<group>"; };
		1C7ACF9524D08F1A00C0221D /* ChildCountCellView.swift */ = {isa = PBXFileReference; lastKnownFileType = sourcecode.swift; path = ChildCountCellView.swift; sourceTree = "<group>"; };
		1C7ACF9A24D0901500C0221D /* GraphCell.swift */ = {isa = PBXFileReference; lastKnownFileType = sourcecode.swift; path = GraphCell.swift; sourceTree = "<group>"; };
		1C7ACF9C24D0906100C0221D /* BarChartView.swift */ = {isa = PBXFileReference; lastKnownFileType = sourcecode.swift; path = BarChartView.swift; sourceTree = "<group>"; };
		1C7ACF9E24D090BA00C0221D /* PieChartView.swift */ = {isa = PBXFileReference; lastKnownFileType = sourcecode.swift; path = PieChartView.swift; sourceTree = "<group>"; };
		1C7ACFA024D0910600C0221D /* HomeView.swift */ = {isa = PBXFileReference; lastKnownFileType = sourcecode.swift; path = HomeView.swift; sourceTree = "<group>"; };
		1C7ACFA224D0913500C0221D /* GuideView.swift */ = {isa = PBXFileReference; lastKnownFileType = sourcecode.swift; path = GuideView.swift; sourceTree = "<group>"; };
		1C7ACFA424D0A0E000C0221D /* CountryViewModel.swift */ = {isa = PBXFileReference; lastKnownFileType = sourcecode.swift; path = CountryViewModel.swift; sourceTree = "<group>"; };
		1C7ACFA624D1F3C500C0221D /* StateViewModel.swift */ = {isa = PBXFileReference; lastKnownFileType = sourcecode.swift; path = StateViewModel.swift; sourceTree = "<group>"; };
		1CD3000024C8A6DF00C31AAB /* ChartsLayer.swift */ = {isa = PBXFileReference; fileEncoding = 4; lastKnownFileType = sourcecode.swift; path = ChartsLayer.swift; sourceTree = "<group>"; };
		1CDD481924BF097400054986 /* Constants.swift */ = {isa = PBXFileReference; fileEncoding = 4; lastKnownFileType = sourcecode.swift; path = Constants.swift; sourceTree = "<group>"; };
		1CDD482324C5CB4F00054986 /* UISegmentControlExtension.swift */ = {isa = PBXFileReference; fileEncoding = 4; lastKnownFileType = sourcecode.swift; path = UISegmentControlExtension.swift; sourceTree = "<group>"; };
		1CDD482424C5CB5000054986 /* ImageExtension.swift */ = {isa = PBXFileReference; fileEncoding = 4; lastKnownFileType = sourcecode.swift; path = ImageExtension.swift; sourceTree = "<group>"; };
		1CDD482524C5CB5000054986 /* TabBarExtension.swift */ = {isa = PBXFileReference; fileEncoding = 4; lastKnownFileType = sourcecode.swift; path = TabBarExtension.swift; sourceTree = "<group>"; };
		1CED4E5D24BDC13E004F832D /* Covid19_Internal_SwiftUI.app */ = {isa = PBXFileReference; explicitFileType = wrapper.application; includeInIndex = 0; path = Covid19_Internal_SwiftUI.app; sourceTree = BUILT_PRODUCTS_DIR; };
		1CED4E6024BDC13E004F832D /* AppDelegate.swift */ = {isa = PBXFileReference; lastKnownFileType = sourcecode.swift; path = AppDelegate.swift; sourceTree = "<group>"; };
		1CED4E6224BDC13E004F832D /* SceneDelegate.swift */ = {isa = PBXFileReference; lastKnownFileType = sourcecode.swift; path = SceneDelegate.swift; sourceTree = "<group>"; };
		1CED4E6424BDC13E004F832D /* RootView.swift */ = {isa = PBXFileReference; lastKnownFileType = sourcecode.swift; path = RootView.swift; sourceTree = "<group>"; };
		1CED4E6624BDC143004F832D /* Assets.xcassets */ = {isa = PBXFileReference; lastKnownFileType = folder.assetcatalog; path = Assets.xcassets; sourceTree = "<group>"; };
		1CED4E6924BDC143004F832D /* Preview Assets.xcassets */ = {isa = PBXFileReference; lastKnownFileType = folder.assetcatalog; path = "Preview Assets.xcassets"; sourceTree = "<group>"; };
		1CED4E6C24BDC143004F832D /* Base */ = {isa = PBXFileReference; lastKnownFileType = file.storyboard; name = Base; path = Base.lproj/LaunchScreen.storyboard; sourceTree = "<group>"; };
		1CED4E6E24BDC143004F832D /* Info.plist */ = {isa = PBXFileReference; lastKnownFileType = text.plist.xml; path = Info.plist; sourceTree = "<group>"; };
		36E7C1D33A7152A0C90EF93E /* Pods-Covid19_Internal_SwiftUI.release.xcconfig */ = {isa = PBXFileReference; includeInIndex = 1; lastKnownFileType = text.xcconfig; name = "Pods-Covid19_Internal_SwiftUI.release.xcconfig"; path = "Target Support Files/Pods-Covid19_Internal_SwiftUI/Pods-Covid19_Internal_SwiftUI.release.xcconfig"; sourceTree = "<group>"; };
		3DBB130A891C76465693E6F0 /* libPods-Covid19_Internal_SwiftUI.a */ = {isa = PBXFileReference; explicitFileType = archive.ar; includeInIndex = 0; path = "libPods-Covid19_Internal_SwiftUI.a"; sourceTree = BUILT_PRODUCTS_DIR; };
		504C22D6D356B926D5C099DE /* Pods-Covid19_Internal_SwiftUI.debug.xcconfig */ = {isa = PBXFileReference; includeInIndex = 1; lastKnownFileType = text.xcconfig; name = "Pods-Covid19_Internal_SwiftUI.debug.xcconfig"; path = "Target Support Files/Pods-Covid19_Internal_SwiftUI/Pods-Covid19_Internal_SwiftUI.debug.xcconfig"; sourceTree = "<group>"; };
/* End PBXFileReference section */

/* Begin PBXFrameworksBuildPhase section */
		1CED4E5A24BDC13E004F832D /* Frameworks */ = {
			isa = PBXFrameworksBuildPhase;
			buildActionMask = 2147483647;
			files = (
				EB3D207E5E18F1638BC947B8 /* libPods-Covid19_Internal_SwiftUI.a in Frameworks */,
			);
			runOnlyForDeploymentPostprocessing = 0;
		};
/* End PBXFrameworksBuildPhase section */

/* Begin PBXGroup section */
		1C28181824DAFBEB008316DB /* Guide */ = {
			isa = PBXGroup;
			children = (
				1C28181224DAEC5D008316DB /* GuideLeftHandCell.swift */,
				1C28181424DAEC6D008316DB /* GuideRightHandCell.swift */,
				1C28181624DAF0AD008316DB /* GuideSectionView.swift */,
			);
			path = Guide;
			sourceTree = "<group>";
		};
		1C300D7124D2EF1500F69279 /* Cells */ = {
			isa = PBXGroup;
			children = (
				1C28181824DAFBEB008316DB /* Guide */,
				1C7ACF9324D08EEA00C0221D /* TotalCountCellView.swift */,
				1C7ACF9524D08F1A00C0221D /* ChildCountCellView.swift */,
				1C7ACF9A24D0901500C0221D /* GraphCell.swift */,
				1C7ACF9C24D0906100C0221D /* BarChartView.swift */,
				1C7ACF9E24D090BA00C0221D /* PieChartView.swift */,
				1C300D7824D3571700F69279 /* NationalFlag.swift */,
			);
			path = Cells;
			sourceTree = "<group>";
		};
		1C7ACF3324D0739000C0221D /* Utilities */ = {
			isa = PBXGroup;
			children = (
				1C7ACF8C24D07CAF00C0221D /* iOSDevCenters+GIF.swift */,
				1CD3000024C8A6DF00C31AAB /* ChartsLayer.swift */,
				1CDD482424C5CB5000054986 /* ImageExtension.swift */,
				1CDD482524C5CB5000054986 /* TabBarExtension.swift */,
				1CDD482324C5CB4F00054986 /* UISegmentControlExtension.swift */,
				1CDD481924BF097400054986 /* Constants.swift */,
			);
			path = Utilities;
			sourceTree = "<group>";
		};
		1C7ACF3524D078DC00C0221D /* Managers */ = {
			isa = PBXGroup;
			children = (
				1C7ACF3624D078DC00C0221D /* Network Manager */,
			);
			path = Managers;
			sourceTree = "<group>";
		};
		1C7ACF3624D078DC00C0221D /* Network Manager */ = {
			isa = PBXGroup;
			children = (
				1C7ACF3724D078DC00C0221D /* ReachabilityManager.swift */,
				1C7ACF3824D078DC00C0221D /* ConnectionManager.swift */,
				1C7ACF3924D078DC00C0221D /* Request.swift */,
			);
			path = "Network Manager";
			sourceTree = "<group>";
		};
		1C7ACF3A24D078DD00C0221D /* GuideResources */ = {
			isa = PBXGroup;
			children = (
				1C7ACF3B24D078DD00C0221D /* light_fever.gif */,
				1C7ACF3C24D078DD00C0221D /* light_tiredness.gif */,
				1C7ACF3D24D078DD00C0221D /* light_cough.gif */,
			);
			path = GuideResources;
			sourceTree = "<group>";
		};
		1C7ACF3E24D078DD00C0221D /* Layers */ = {
			isa = PBXGroup;
			children = (
				1C7ACF8E24D08C6E00C0221D /* View */,
				1C7ACF3F24D078DD00C0221D /* ViewModels */,
				1C7ACF5724D078DD00C0221D /* Models */,
				1C7ACF6124D078DD00C0221D /* WebService */,
			);
			path = Layers;
			sourceTree = "<group>";
		};
		1C7ACF3F24D078DD00C0221D /* ViewModels */ = {
			isa = PBXGroup;
			children = (
				1C7ACF4324D078DD00C0221D /* HomeTabViewModel.swift */,
				1C7ACFA424D0A0E000C0221D /* CountryViewModel.swift */,
				1C7ACFA624D1F3C500C0221D /* StateViewModel.swift */,
				1C66E02A24D49E6700FD9678 /* DistrictViewModel.swift */,
			);
			path = ViewModels;
			sourceTree = "<group>";
		};
		1C7ACF5724D078DD00C0221D /* Models */ = {
			isa = PBXGroup;
			children = (
				1C7ACF5824D078DD00C0221D /* CountryModel.swift */,
				1C7ACF5A24D078DD00C0221D /* IndiaHistoryModel.swift */,
				1C7ACF5B24D078DD00C0221D /* DistrictModel.swift */,
			);
			path = Models;
			sourceTree = "<group>";
		};
		1C7ACF6124D078DD00C0221D /* WebService */ = {
			isa = PBXGroup;
			children = (
				1C7ACF6224D078DD00C0221D /* AllCountriesCountWebService.swift */,
				1C7ACF6424D078DD00C0221D /* AllIndiaHistoricalDataWebServices.swift */,
				1C7ACF6524D078DD00C0221D /* AllIndiaDistrictCountWebService.swift */,
			);
			path = WebService;
			sourceTree = "<group>";
		};
		1C7ACF8E24D08C6E00C0221D /* View */ = {
			isa = PBXGroup;
			children = (
				1C300D7124D2EF1500F69279 /* Cells */,
				1CED4E6424BDC13E004F832D /* RootView.swift */,
				1C300D7324D3387000F69279 /* TabViewParent.swift */,
				1C7ACFA024D0910600C0221D /* HomeView.swift */,
				1C300D7424D3387000F69279 /* HomeList.swift */,
				1C300D7224D3387000F69279 /* SegmentController.swift */,
				1C7ACFA224D0913500C0221D /* GuideView.swift */,
				1C66E02C24D4A54A00FD9678 /* DistrictList.swift */,
			);
			path = View;
			sourceTree = "<group>";
		};
		1CED4E5424BDC13E004F832D = {
			isa = PBXGroup;
			children = (
				1CED4E5F24BDC13E004F832D /* Covid19_Internal_SwiftUI */,
				1CED4E5E24BDC13E004F832D /* Products */,
				966214D9906029451A727340 /* Pods */,
				C700E659E63AE183D3557450 /* Frameworks */,
			);
			sourceTree = "<group>";
		};
		1CED4E5E24BDC13E004F832D /* Products */ = {
			isa = PBXGroup;
			children = (
				1CED4E5D24BDC13E004F832D /* Covid19_Internal_SwiftUI.app */,
			);
			name = Products;
			sourceTree = "<group>";
		};
		1CED4E5F24BDC13E004F832D /* Covid19_Internal_SwiftUI */ = {
			isa = PBXGroup;
			children = (
				1C7ACF3A24D078DD00C0221D /* GuideResources */,
				1C7ACF3E24D078DD00C0221D /* Layers */,
				1C7ACF3524D078DC00C0221D /* Managers */,
				1C7ACF3324D0739000C0221D /* Utilities */,
				1CED4E6024BDC13E004F832D /* AppDelegate.swift */,
				1CED4E6224BDC13E004F832D /* SceneDelegate.swift */,
				1CED4E6624BDC143004F832D /* Assets.xcassets */,
				1CED4E6B24BDC143004F832D /* LaunchScreen.storyboard */,
				1CED4E6E24BDC143004F832D /* Info.plist */,
				1CED4E6824BDC143004F832D /* Preview Content */,
			);
			path = Covid19_Internal_SwiftUI;
			sourceTree = "<group>";
		};
		1CED4E6824BDC143004F832D /* Preview Content */ = {
			isa = PBXGroup;
			children = (
				1CED4E6924BDC143004F832D /* Preview Assets.xcassets */,
			);
			path = "Preview Content";
			sourceTree = "<group>";
		};
		966214D9906029451A727340 /* Pods */ = {
			isa = PBXGroup;
			children = (
				504C22D6D356B926D5C099DE /* Pods-Covid19_Internal_SwiftUI.debug.xcconfig */,
				36E7C1D33A7152A0C90EF93E /* Pods-Covid19_Internal_SwiftUI.release.xcconfig */,
			);
			path = Pods;
			sourceTree = "<group>";
		};
		C700E659E63AE183D3557450 /* Frameworks */ = {
			isa = PBXGroup;
			children = (
				3DBB130A891C76465693E6F0 /* libPods-Covid19_Internal_SwiftUI.a */,
			);
			name = Frameworks;
			sourceTree = "<group>";
		};
/* End PBXGroup section */

/* Begin PBXNativeTarget section */
		1CED4E5C24BDC13E004F832D /* Covid19_Internal_SwiftUI */ = {
			isa = PBXNativeTarget;
			buildConfigurationList = 1CED4E7124BDC143004F832D /* Build configuration list for PBXNativeTarget "Covid19_Internal_SwiftUI" */;
			buildPhases = (
				802A9689863202D0C40F4516 /* [CP] Check Pods Manifest.lock */,
				1CED4E5924BDC13E004F832D /* Sources */,
				1CED4E5A24BDC13E004F832D /* Frameworks */,
				1CED4E5B24BDC13E004F832D /* Resources */,
			);
			buildRules = (
			);
			dependencies = (
			);
			name = Covid19_Internal_SwiftUI;
			productName = Covid19_Internal_SwiftUI;
			productReference = 1CED4E5D24BDC13E004F832D /* Covid19_Internal_SwiftUI.app */;
			productType = "com.apple.product-type.application";
		};
/* End PBXNativeTarget section */

/* Begin PBXProject section */
		1CED4E5524BDC13E004F832D /* Project object */ = {
			isa = PBXProject;
			attributes = {
				LastSwiftUpdateCheck = 1120;
				LastUpgradeCheck = 1120;
				ORGANIZATIONNAME = Cybage;
				TargetAttributes = {
					1CED4E5C24BDC13E004F832D = {
						CreatedOnToolsVersion = 11.2.1;
					};
				};
			};
			buildConfigurationList = 1CED4E5824BDC13E004F832D /* Build configuration list for PBXProject "Covid19_Internal_SwiftUI" */;
			compatibilityVersion = "Xcode 9.3";
			developmentRegion = en;
			hasScannedForEncodings = 0;
			knownRegions = (
				en,
				Base,
			);
			mainGroup = 1CED4E5424BDC13E004F832D;
			productRefGroup = 1CED4E5E24BDC13E004F832D /* Products */;
			projectDirPath = "";
			projectRoot = "";
			targets = (
				1CED4E5C24BDC13E004F832D /* Covid19_Internal_SwiftUI */,
			);
		};
/* End PBXProject section */

/* Begin PBXResourcesBuildPhase section */
		1CED4E5B24BDC13E004F832D /* Resources */ = {
			isa = PBXResourcesBuildPhase;
			buildActionMask = 2147483647;
			files = (
				1CED4E6D24BDC143004F832D /* LaunchScreen.storyboard in Resources */,
				1C7ACF6A24D078DD00C0221D /* light_tiredness.gif in Resources */,
				1CED4E6A24BDC143004F832D /* Preview Assets.xcassets in Resources */,
				1C7ACF6924D078DD00C0221D /* light_fever.gif in Resources */,
				1C7ACF6B24D078DD00C0221D /* light_cough.gif in Resources */,
				1CED4E6724BDC143004F832D /* Assets.xcassets in Resources */,
			);
			runOnlyForDeploymentPostprocessing = 0;
		};
/* End PBXResourcesBuildPhase section */

/* Begin PBXShellScriptBuildPhase section */
		802A9689863202D0C40F4516 /* [CP] Check Pods Manifest.lock */ = {
			isa = PBXShellScriptBuildPhase;
			buildActionMask = 2147483647;
			files = (
			);
			inputFileListPaths = (
			);
			inputPaths = (
				"${PODS_PODFILE_DIR_PATH}/Podfile.lock",
				"${PODS_ROOT}/Manifest.lock",
			);
			name = "[CP] Check Pods Manifest.lock";
			outputFileListPaths = (
			);
			outputPaths = (
				"$(DERIVED_FILE_DIR)/Pods-Covid19_Internal_SwiftUI-checkManifestLockResult.txt",
			);
			runOnlyForDeploymentPostprocessing = 0;
			shellPath = /bin/sh;
			shellScript = "diff \"${PODS_PODFILE_DIR_PATH}/Podfile.lock\" \"${PODS_ROOT}/Manifest.lock\" > /dev/null\nif [ $? != 0 ] ; then\n    # print error to STDERR\n    echo \"error: The sandbox is not in sync with the Podfile.lock. Run 'pod install' or update your CocoaPods installation.\" >&2\n    exit 1\nfi\n# This output is used by Xcode 'outputs' to avoid re-running this script phase.\necho \"SUCCESS\" > \"${SCRIPT_OUTPUT_FILE_0}\"\n";
			showEnvVarsInLog = 0;
		};
/* End PBXShellScriptBuildPhase section */

/* Begin PBXSourcesBuildPhase section */
		1CED4E5924BDC13E004F832D /* Sources */ = {
			isa = PBXSourcesBuildPhase;
			buildActionMask = 2147483647;
			files = (
				1CED4E6124BDC13E004F832D /* AppDelegate.swift in Sources */,
				1C300D7624D3387000F69279 /* TabViewParent.swift in Sources */,
				1CDD482724C5CB5000054986 /* ImageExtension.swift in Sources */,
				1CDD482624C5CB5000054986 /* UISegmentControlExtension.swift in Sources */,
				1CED4E6324BDC13E004F832D /* SceneDelegate.swift in Sources */,
				1C28181724DAF0AD008316DB /* GuideSectionView.swift in Sources */,
				1C7ACFA324D0913500C0221D /* GuideView.swift in Sources */,
				1C7ACF9D24D0906100C0221D /* BarChartView.swift in Sources */,
				1C300D7524D3387000F69279 /* SegmentController.swift in Sources */,
				1C7ACF8A24D078DD00C0221D /* AllIndiaHistoricalDataWebServices.swift in Sources */,
				1C7ACF8B24D078DD00C0221D /* AllIndiaDistrictCountWebService.swift in Sources */,
				1C7ACF8224D078DD00C0221D /* IndiaHistoryModel.swift in Sources */,
				1C7ACFA524D0A0E000C0221D /* CountryViewModel.swift in Sources */,
				1C7ACF6F24D078DD00C0221D /* HomeTabViewModel.swift in Sources */,
				1C7ACF6824D078DD00C0221D /* Request.swift in Sources */,
				1C7ACF9424D08EEA00C0221D /* TotalCountCellView.swift in Sources */,
				1C7ACF6624D078DD00C0221D /* ReachabilityManager.swift in Sources */,
				1C7ACFA724D1F3C500C0221D /* StateViewModel.swift in Sources */,
				1C7ACF9624D08F1A00C0221D /* ChildCountCellView.swift in Sources */,
				1C7ACF9F24D090BA00C0221D /* PieChartView.swift in Sources */,
				1C7ACF6724D078DD00C0221D /* ConnectionManager.swift in Sources */,
				1C28181524DAEC6D008316DB /* GuideRightHandCell.swift in Sources */,
				1C300D7924D3571700F69279 /* NationalFlag.swift in Sources */,
				1CDD482824C5CB5000054986 /* TabBarExtension.swift in Sources */,
				1C7ACF9B24D0901500C0221D /* GraphCell.swift in Sources */,
				1C7ACF8324D078DD00C0221D /* DistrictModel.swift in Sources */,
				1C7ACF8024D078DD00C0221D /* CountryModel.swift in Sources */,
				1C66E02D24D4A54A00FD9678 /* DistrictList.swift in Sources */,
				1C28181324DAEC5D008316DB /* GuideLeftHandCell.swift in Sources */,
				1C7ACFA124D0910600C0221D /* HomeView.swift in Sources */,
				1C66E02B24D49E6700FD9678 /* DistrictViewModel.swift in Sources */,
				1C300D7724D3387000F69279 /* HomeList.swift in Sources */,
				1C7ACF8824D078DD00C0221D /* AllCountriesCountWebService.swift in Sources */,
				1C7ACF8D24D07CAF00C0221D /* iOSDevCenters+GIF.swift in Sources */,
				1CED4E6524BDC13E004F832D /* RootView.swift in Sources */,
				1CD3000124C8A6DF00C31AAB /* ChartsLayer.swift in Sources */,
				1CDD481A24BF097400054986 /* Constants.swift in Sources */,
			);
			runOnlyForDeploymentPostprocessing = 0;
		};
/* End PBXSourcesBuildPhase section */

/* Begin PBXVariantGroup section */
		1CED4E6B24BDC143004F832D /* LaunchScreen.storyboard */ = {
			isa = PBXVariantGroup;
			children = (
				1CED4E6C24BDC143004F832D /* Base */,
			);
			name = LaunchScreen.storyboard;
			sourceTree = "<group>";
		};
/* End PBXVariantGroup section */

/* Begin XCBuildConfiguration section */
		1CED4E6F24BDC143004F832D /* Debug */ = {
			isa = XCBuildConfiguration;
			buildSettings = {
				ALWAYS_SEARCH_USER_PATHS = NO;
				CLANG_ANALYZER_NONNULL = YES;
				CLANG_ANALYZER_NUMBER_OBJECT_CONVERSION = YES_AGGRESSIVE;
				CLANG_CXX_LANGUAGE_STANDARD = "gnu++14";
				CLANG_CXX_LIBRARY = "libc++";
				CLANG_ENABLE_MODULES = YES;
				CLANG_ENABLE_OBJC_ARC = YES;
				CLANG_ENABLE_OBJC_WEAK = YES;
				CLANG_WARN_BLOCK_CAPTURE_AUTORELEASING = YES;
				CLANG_WARN_BOOL_CONVERSION = YES;
				CLANG_WARN_COMMA = YES;
				CLANG_WARN_CONSTANT_CONVERSION = YES;
				CLANG_WARN_DEPRECATED_OBJC_IMPLEMENTATIONS = YES;
				CLANG_WARN_DIRECT_OBJC_ISA_USAGE = YES_ERROR;
				CLANG_WARN_DOCUMENTATION_COMMENTS = YES;
				CLANG_WARN_EMPTY_BODY = YES;
				CLANG_WARN_ENUM_CONVERSION = YES;
				CLANG_WARN_INFINITE_RECURSION = YES;
				CLANG_WARN_INT_CONVERSION = YES;
				CLANG_WARN_NON_LITERAL_NULL_CONVERSION = YES;
				CLANG_WARN_OBJC_IMPLICIT_RETAIN_SELF = YES;
				CLANG_WARN_OBJC_LITERAL_CONVERSION = YES;
				CLANG_WARN_OBJC_ROOT_CLASS = YES_ERROR;
				CLANG_WARN_RANGE_LOOP_ANALYSIS = YES;
				CLANG_WARN_STRICT_PROTOTYPES = YES;
				CLANG_WARN_SUSPICIOUS_MOVE = YES;
				CLANG_WARN_UNGUARDED_AVAILABILITY = YES_AGGRESSIVE;
				CLANG_WARN_UNREACHABLE_CODE = YES;
				CLANG_WARN__DUPLICATE_METHOD_MATCH = YES;
				COPY_PHASE_STRIP = NO;
				DEBUG_INFORMATION_FORMAT = dwarf;
				ENABLE_STRICT_OBJC_MSGSEND = YES;
				ENABLE_TESTABILITY = YES;
				GCC_C_LANGUAGE_STANDARD = gnu11;
				GCC_DYNAMIC_NO_PIC = NO;
				GCC_NO_COMMON_BLOCKS = YES;
				GCC_OPTIMIZATION_LEVEL = 0;
				GCC_PREPROCESSOR_DEFINITIONS = (
					"DEBUG=1",
					"$(inherited)",
				);
				GCC_WARN_64_TO_32_BIT_CONVERSION = YES;
				GCC_WARN_ABOUT_RETURN_TYPE = YES_ERROR;
				GCC_WARN_UNDECLARED_SELECTOR = YES;
				GCC_WARN_UNINITIALIZED_AUTOS = YES_AGGRESSIVE;
				GCC_WARN_UNUSED_FUNCTION = YES;
				GCC_WARN_UNUSED_VARIABLE = YES;
				IPHONEOS_DEPLOYMENT_TARGET = 13.2;
				MTL_ENABLE_DEBUG_INFO = INCLUDE_SOURCE;
				MTL_FAST_MATH = YES;
				ONLY_ACTIVE_ARCH = YES;
				SDKROOT = iphoneos;
				SWIFT_ACTIVE_COMPILATION_CONDITIONS = DEBUG;
				SWIFT_OPTIMIZATION_LEVEL = "-Onone";
			};
			name = Debug;
		};
		1CED4E7024BDC143004F832D /* Release */ = {
			isa = XCBuildConfiguration;
			buildSettings = {
				ALWAYS_SEARCH_USER_PATHS = NO;
				CLANG_ANALYZER_NONNULL = YES;
				CLANG_ANALYZER_NUMBER_OBJECT_CONVERSION = YES_AGGRESSIVE;
				CLANG_CXX_LANGUAGE_STANDARD = "gnu++14";
				CLANG_CXX_LIBRARY = "libc++";
				CLANG_ENABLE_MODULES = YES;
				CLANG_ENABLE_OBJC_ARC = YES;
				CLANG_ENABLE_OBJC_WEAK = YES;
				CLANG_WARN_BLOCK_CAPTURE_AUTORELEASING = YES;
				CLANG_WARN_BOOL_CONVERSION = YES;
				CLANG_WARN_COMMA = YES;
				CLANG_WARN_CONSTANT_CONVERSION = YES;
				CLANG_WARN_DEPRECATED_OBJC_IMPLEMENTATIONS = YES;
				CLANG_WARN_DIRECT_OBJC_ISA_USAGE = YES_ERROR;
				CLANG_WARN_DOCUMENTATION_COMMENTS = YES;
				CLANG_WARN_EMPTY_BODY = YES;
				CLANG_WARN_ENUM_CONVERSION = YES;
				CLANG_WARN_INFINITE_RECURSION = YES;
				CLANG_WARN_INT_CONVERSION = YES;
				CLANG_WARN_NON_LITERAL_NULL_CONVERSION = YES;
				CLANG_WARN_OBJC_IMPLICIT_RETAIN_SELF = YES;
				CLANG_WARN_OBJC_LITERAL_CONVERSION = YES;
				CLANG_WARN_OBJC_ROOT_CLASS = YES_ERROR;
				CLANG_WARN_RANGE_LOOP_ANALYSIS = YES;
				CLANG_WARN_STRICT_PROTOTYPES = YES;
				CLANG_WARN_SUSPICIOUS_MOVE = YES;
				CLANG_WARN_UNGUARDED_AVAILABILITY = YES_AGGRESSIVE;
				CLANG_WARN_UNREACHABLE_CODE = YES;
				CLANG_WARN__DUPLICATE_METHOD_MATCH = YES;
				COPY_PHASE_STRIP = NO;
				DEBUG_INFORMATION_FORMAT = "dwarf-with-dsym";
				ENABLE_NS_ASSERTIONS = NO;
				ENABLE_STRICT_OBJC_MSGSEND = YES;
				GCC_C_LANGUAGE_STANDARD = gnu11;
				GCC_NO_COMMON_BLOCKS = YES;
				GCC_WARN_64_TO_32_BIT_CONVERSION = YES;
				GCC_WARN_ABOUT_RETURN_TYPE = YES_ERROR;
				GCC_WARN_UNDECLARED_SELECTOR = YES;
				GCC_WARN_UNINITIALIZED_AUTOS = YES_AGGRESSIVE;
				GCC_WARN_UNUSED_FUNCTION = YES;
				GCC_WARN_UNUSED_VARIABLE = YES;
				IPHONEOS_DEPLOYMENT_TARGET = 13.2;
				MTL_ENABLE_DEBUG_INFO = NO;
				MTL_FAST_MATH = YES;
				SDKROOT = iphoneos;
				SWIFT_COMPILATION_MODE = wholemodule;
				SWIFT_OPTIMIZATION_LEVEL = "-O";
				VALIDATE_PRODUCT = YES;
			};
			name = Release;
		};
		1CED4E7224BDC143004F832D /* Debug */ = {
			isa = XCBuildConfiguration;
			baseConfigurationReference = 504C22D6D356B926D5C099DE /* Pods-Covid19_Internal_SwiftUI.debug.xcconfig */;
			buildSettings = {
				ASSETCATALOG_COMPILER_APPICON_NAME = AppIcon;
				CODE_SIGN_IDENTITY = "iPhone Distribution: Vungle, Inc.";
				CODE_SIGN_STYLE = Manual;
				DEVELOPMENT_ASSET_PATHS = "\"Covid19_Internal_SwiftUI/Preview Content\"";
				DEVELOPMENT_TEAM = GTA9LK7P23;
				ENABLE_PREVIEWS = YES;
				INFOPLIST_FILE = Covid19_Internal_SwiftUI/Info.plist;
				IPHONEOS_DEPLOYMENT_TARGET = 13.1;
				LD_RUNPATH_SEARCH_PATHS = (
					"$(inherited)",
					"@executable_path/Frameworks",
				);
				PRODUCT_BUNDLE_IDENTIFIER = com.vungle.showcase;
				PRODUCT_NAME = "$(TARGET_NAME)";
				PROVISIONING_PROFILE_SPECIFIER = "Showcase Application Provisioning Profile";
				SWIFT_VERSION = 5.0;
				TARGETED_DEVICE_FAMILY = 1;
			};
			name = Debug;
		};
		1CED4E7324BDC143004F832D /* Release */ = {
			isa = XCBuildConfiguration;
			baseConfigurationReference = 36E7C1D33A7152A0C90EF93E /* Pods-Covid19_Internal_SwiftUI.release.xcconfig */;
			buildSettings = {
				ASSETCATALOG_COMPILER_APPICON_NAME = AppIcon;
				CODE_SIGN_IDENTITY = "iPhone Distribution: Vungle, Inc.";
				CODE_SIGN_STYLE = Manual;
				DEVELOPMENT_ASSET_PATHS = "\"Covid19_Internal_SwiftUI/Preview Content\"";
				DEVELOPMENT_TEAM = GTA9LK7P23;
				ENABLE_PREVIEWS = YES;
				INFOPLIST_FILE = Covid19_Internal_SwiftUI/Info.plist;
				IPHONEOS_DEPLOYMENT_TARGET = 13.1;
				LD_RUNPATH_SEARCH_PATHS = (
					"$(inherited)",
					"@executable_path/Frameworks",
				);
				PRODUCT_BUNDLE_IDENTIFIER = com.vungle.showcase;
				PRODUCT_NAME = "$(TARGET_NAME)";
				PROVISIONING_PROFILE_SPECIFIER = "Showcase Application Provisioning Profile";
				SWIFT_VERSION = 5.0;
				TARGETED_DEVICE_FAMILY = 1;
			};
			name = Release;
		};
/* End XCBuildConfiguration section */

/* Begin XCConfigurationList section */
		1CED4E5824BDC13E004F832D /* Build configuration list for PBXProject "Covid19_Internal_SwiftUI" */ = {
			isa = XCConfigurationList;
			buildConfigurations = (
				1CED4E6F24BDC143004F832D /* Debug */,
				1CED4E7024BDC143004F832D /* Release */,
			);
			defaultConfigurationIsVisible = 0;
			defaultConfigurationName = Release;
		};
		1CED4E7124BDC143004F832D /* Build configuration list for PBXNativeTarget "Covid19_Internal_SwiftUI" */ = {
			isa = XCConfigurationList;
			buildConfigurations = (
				1CED4E7224BDC143004F832D /* Debug */,
				1CED4E7324BDC143004F832D /* Release */,
			);
			defaultConfigurationIsVisible = 0;
			defaultConfigurationName = Release;
		};
/* End XCConfigurationList section */
	};
	rootObject = 1CED4E5524BDC13E004F832D /* Project object */;
}
